
Microsoft Visual Studio Solution File, Format Version 12.00
# Visual Studio 15
VisualStudioVersion = 15.0.28307.852
MinimumVisualStudioVersion = 10.0.40219.1
Project("{FAE04EC0-301F-11D3-BF4B-00C04F79EFBC}") = "GSTBillingApp", "GSTBillingApp\GSTBillingApp.csproj", "{FA37365B-9DD9-435C-9D17-64B95C87CE86}"
EndProject
Project("{FAE04EC0-301F-11D3-BF4B-00C04F79EFBC}") = "DAL", "DAL\DAL.csproj", "{BB94728B-5A01-406C-8A06-DDBB8B69C5B0}"
EndProject
Global
	GlobalSection(SolutionConfigurationPlatforms) = preSolution
		Debug|Any CPU = Debug|Any CPU
		Release|Any CPU = Release|Any CPU
	EndGlobalSection
	GlobalSection(ProjectConfigurationPlatforms) = postSolution
		{FA37365B-9DD9-435C-9D17-64B95C87CE86}.Debug|Any CPU.ActiveCfg = Debug|Any CPU
		{FA37365B-9DD9-435C-9D17-64B95C87CE86}.Debug|Any CPU.Build.0 = Debug|Any CPU
		{FA37365B-9DD9-435C-9D17-64B95C87CE86}.Release|Any CPU.ActiveCfg = Release|Any CPU
		{FA37365B-9DD9-435C-9D17-64B95C87CE86}.Release|Any CPU.Build.0 = Release|Any CPU
		{BB94728B-5A01-406C-8A06-DDBB8B69C5B0}.Debug|Any CPU.ActiveCfg = Debug|Any CPU
		{BB94728B-5A01-406C-8A06-DDBB8B69C5B0}.Debug|Any CPU.Build.0 = Debug|Any CPU
		{BB94728B-5A01-406C-8A06-DDBB8B69C5B0}.Release|Any CPU.ActiveCfg = Release|Any CPU
		{BB94728B-5A01-406C-8A06-DDBB8B69C5B0}.Release|Any CPU.Build.0 = Release|Any CPU
	EndGlobalSection
	GlobalSection(SolutionProperties) = preSolution
		HideSolutionNode = FALSE
	EndGlobalSection
	GlobalSection(ExtensibilityGlobals) = postSolution
		SolutionGuid = {C3B0D4E8-713E-4F69-BE37-74674C354B0C}
	EndGlobalSection
EndGlobal
